
Microsoft Visual Studio Solution File, Format Version 12.00
# Visual Studio Version 17
VisualStudioVersion = 17.0.31903.59
MinimumVisualStudioVersion = 10.0.40219.1
Project("{2150E333-8FDC-42A3-9474-1A3956D46DE8}") = "src", "src", "{827E0CD3-B72D-47B6-A68D-7590B98EB39B}"
EndProject
Project("{FAE04EC0-301F-11D3-BF4B-00C04F79EFBC}") = "DevTools.Core", "src\DevTools.Core\DevTools.Core.csproj", "{644DDADC-A247-4B33-9816-E79B69EA88BC}"
EndProject
Project("{FAE04EC0-301F-11D3-BF4B-00C04F79EFBC}") = "DevTools.Toolkit.Engine", "src\DevTools.Toolkit.Engine\DevTools.Toolkit.Engine.csproj", "{AA839F67-9BC1-4C0D-A2CE-7D906CEB0FAC}"
EndProject
Project("{FAE04EC0-301F-11D3-BF4B-00C04F79EFBC}") = "DevTools.Orchestrator", "src\DevTools.Orchestrator\DevTools.Orchestrator.csproj", "{515CF695-0F7B-4F5C-9336-B255C776F2B3}"
EndProject
Project("{FAE04EC0-301F-11D3-BF4B-00C04F79EFBC}") = "DevTools.Cli", "src\DevTools.Cli\DevTools.Cli.csproj", "{035C7BAF-1E8D-4FE5-8678-4F9CC47530B5}"
EndProject
Project("{FAE04EC0-301F-11D3-BF4B-00C04F79EFBC}") = "DevTools.Web", "src\DevTools.Web\DevTools.Web.csproj", "{3C031787-5E27-4AE3-A7CD-71E03559FF0F}"
EndProject
Project("{FAE04EC0-301F-11D3-BF4B-00C04F79EFBC}") = "DevTools.Toolkit.Tests", "tests\DevTools.Toolkit.Tests\DevTools.Toolkit.Tests.csproj", "{71DB24D2-A6F2-456B-96D6-5B4AE97ABCD8}"
EndProject
Project("{FAE04EC0-301F-11D3-BF4B-00C04F79EFBC}") = "DevTools.Data", "src\DevTools.Data\DevTools.Data.csproj", "{70F5D2BB-FAE7-4D66-9645-D1557A521CFA}"
EndProject
Global
	GlobalSection(SolutionConfigurationPlatforms) = preSolution
		Debug|Any CPU = Debug|Any CPU
		Debug|x64 = Debug|x64
		Debug|x86 = Debug|x86
		Release|Any CPU = Release|Any CPU
		Release|x64 = Release|x64
		Release|x86 = Release|x86
	EndGlobalSection
	GlobalSection(ProjectConfigurationPlatforms) = postSolution
		{644DDADC-A247-4B33-9816-E79B69EA88BC}.Debug|Any CPU.ActiveCfg = Debug|Any CPU
		{644DDADC-A247-4B33-9816-E79B69EA88BC}.Debug|Any CPU.Build.0 = Debug|Any CPU
		{644DDADC-A247-4B33-9816-E79B69EA88BC}.Debug|x64.ActiveCfg = Debug|Any CPU
		{644DDADC-A247-4B33-9816-E79B69EA88BC}.Debug|x64.Build.0 = Debug|Any CPU
		{644DDADC-A247-4B33-9816-E79B69EA88BC}.Debug|x86.ActiveCfg = Debug|Any CPU
		{644DDADC-A247-4B33-9816-E79B69EA88BC}.Debug|x86.Build.0 = Debug|Any CPU
		{644DDADC-A247-4B33-9816-E79B69EA88BC}.Release|Any CPU.ActiveCfg = Release|Any CPU
		{644DDADC-A247-4B33-9816-E79B69EA88BC}.Release|Any CPU.Build.0 = Release|Any CPU
		{644DDADC-A247-4B33-9816-E79B69EA88BC}.Release|x64.ActiveCfg = Release|Any CPU
		{644DDADC-A247-4B33-9816-E79B69EA88BC}.Release|x64.Build.0 = Release|Any CPU
		{644DDADC-A247-4B33-9816-E79B69EA88BC}.Release|x86.ActiveCfg = Release|Any CPU
		{644DDADC-A247-4B33-9816-E79B69EA88BC}.Release|x86.Build.0 = Release|Any CPU
		{AA839F67-9BC1-4C0D-A2CE-7D906CEB0FAC}.Debug|Any CPU.ActiveCfg = Debug|Any CPU
		{AA839F67-9BC1-4C0D-A2CE-7D906CEB0FAC}.Debug|Any CPU.Build.0 = Debug|Any CPU
		{AA839F67-9BC1-4C0D-A2CE-7D906CEB0FAC}.Debug|x64.ActiveCfg = Debug|Any CPU
		{AA839F67-9BC1-4C0D-A2CE-7D906CEB0FAC}.Debug|x64.Build.0 = Debug|Any CPU
		{AA839F67-9BC1-4C0D-A2CE-7D906CEB0FAC}.Debug|x86.ActiveCfg = Debug|Any CPU
		{AA839F67-9BC1-4C0D-A2CE-7D906CEB0FAC}.Debug|x86.Build.0 = Debug|Any CPU
		{AA839F67-9BC1-4C0D-A2CE-7D906CEB0FAC}.Release|Any CPU.ActiveCfg = Release|Any CPU
		{AA839F67-9BC1-4C0D-A2CE-7D906CEB0FAC}.Release|Any CPU.Build.0 = Release|Any CPU
		{AA839F67-9BC1-4C0D-A2CE-7D906CEB0FAC}.Release|x64.ActiveCfg = Release|Any CPU
		{AA839F67-9BC1-4C0D-A2CE-7D906CEB0FAC}.Release|x64.Build.0 = Release|Any CPU
		{AA839F67-9BC1-4C0D-A2CE-7D906CEB0FAC}.Release|x86.ActiveCfg = Release|Any CPU
		{AA839F67-9BC1-4C0D-A2CE-7D906CEB0FAC}.Release|x86.Build.0 = Release|Any CPU
		{515CF695-0F7B-4F5C-9336-B255C776F2B3}.Debug|Any CPU.ActiveCfg = Debug|Any CPU
		{515CF695-0F7B-4F5C-9336-B255C776F2B3}.Debug|Any CPU.Build.0 = Debug|Any CPU
		{515CF695-0F7B-4F5C-9336-B255C776F2B3}.Debug|x64.ActiveCfg = Debug|Any CPU
		{515CF695-0F7B-4F5C-9336-B255C776F2B3}.Debug|x64.Build.0 = Debug|Any CPU
		{515CF695-0F7B-4F5C-9336-B255C776F2B3}.Debug|x86.ActiveCfg = Debug|Any CPU
		{515CF695-0F7B-4F5C-9336-B255C776F2B3}.Debug|x86.Build.0 = Debug|Any CPU
		{515CF695-0F7B-4F5C-9336-B255C776F2B3}.Release|Any CPU.ActiveCfg = Release|Any CPU
		{515CF695-0F7B-4F5C-9336-B255C776F2B3}.Release|Any CPU.Build.0 = Release|Any CPU
		{515CF695-0F7B-4F5C-9336-B255C776F2B3}.Release|x64.ActiveCfg = Release|Any CPU
		{515CF695-0F7B-4F5C-9336-B255C776F2B3}.Release|x64.Build.0 = Release|Any CPU
		{515CF695-0F7B-4F5C-9336-B255C776F2B3}.Release|x86.ActiveCfg = Release|Any CPU
		{515CF695-0F7B-4F5C-9336-B255C776F2B3}.Release|x86.Build.0 = Release|Any CPU
		{035C7BAF-1E8D-4FE5-8678-4F9CC47530B5}.Debug|Any CPU.ActiveCfg = Debug|Any CPU
		{035C7BAF-1E8D-4FE5-8678-4F9CC47530B5}.Debug|Any CPU.Build.0 = Debug|Any CPU
		{035C7BAF-1E8D-4FE5-8678-4F9CC47530B5}.Debug|x64.ActiveCfg = Debug|Any CPU
		{035C7BAF-1E8D-4FE5-8678-4F9CC47530B5}.Debug|x64.Build.0 = Debug|Any CPU
		{035C7BAF-1E8D-4FE5-8678-4F9CC47530B5}.Debug|x86.ActiveCfg = Debug|Any CPU
		{035C7BAF-1E8D-4FE5-8678-4F9CC47530B5}.Debug|x86.Build.0 = Debug|Any CPU
		{035C7BAF-1E8D-4FE5-8678-4F9CC47530B5}.Release|Any CPU.ActiveCfg = Release|Any CPU
		{035C7BAF-1E8D-4FE5-8678-4F9CC47530B5}.Release|Any CPU.Build.0 = Release|Any CPU
		{035C7BAF-1E8D-4FE5-8678-4F9CC47530B5}.Release|x64.ActiveCfg = Release|Any CPU
		{035C7BAF-1E8D-4FE5-8678-4F9CC47530B5}.Release|x64.Build.0 = Release|Any CPU
		{035C7BAF-1E8D-4FE5-8678-4F9CC47530B5}.Release|x86.ActiveCfg = Release|Any CPU
		{035C7BAF-1E8D-4FE5-8678-4F9CC47530B5}.Release|x86.Build.0 = Release|Any CPU
		{3C031787-5E27-4AE3-A7CD-71E03559FF0F}.Debug|Any CPU.ActiveCfg = Debug|Any CPU
		{3C031787-5E27-4AE3-A7CD-71E03559FF0F}.Debug|Any CPU.Build.0 = Debug|Any CPU
		{3C031787-5E27-4AE3-A7CD-71E03559FF0F}.Debug|x64.ActiveCfg = Debug|Any CPU
		{3C031787-5E27-4AE3-A7CD-71E03559FF0F}.Debug|x64.Build.0 = Debug|Any CPU
		{3C031787-5E27-4AE3-A7CD-71E03559FF0F}.Debug|x86.ActiveCfg = Debug|Any CPU
		{3C031787-5E27-4AE3-A7CD-71E03559FF0F}.Debug|x86.Build.0 = Debug|Any CPU
		{3C031787-5E27-4AE3-A7CD-71E03559FF0F}.Release|Any CPU.ActiveCfg = Release|Any CPU
		{3C031787-5E27-4AE3-A7CD-71E03559FF0F}.Release|Any CPU.Build.0 = Release|Any CPU
		{3C031787-5E27-4AE3-A7CD-71E03559FF0F}.Release|x64.ActiveCfg = Release|Any CPU
		{3C031787-5E27-4AE3-A7CD-71E03559FF0F}.Release|x64.Build.0 = Release|Any CPU
		{3C031787-5E27-4AE3-A7CD-71E03559FF0F}.Release|x86.ActiveCfg = Release|Any CPU
		{3C031787-5E27-4AE3-A7CD-71E03559FF0F}.Release|x86.Build.0 = Release|Any CPU
		{71DB24D2-A6F2-456B-96D6-5B4AE97ABCD8}.Debug|Any CPU.ActiveCfg = Debug|Any CPU
		{71DB24D2-A6F2-456B-96D6-5B4AE97ABCD8}.Debug|Any CPU.Build.0 = Debug|Any CPU
		{71DB24D2-A6F2-456B-96D6-5B4AE97ABCD8}.Debug|x64.ActiveCfg = Debug|Any CPU
		{71DB24D2-A6F2-456B-96D6-5B4AE97ABCD8}.Debug|x64.Build.0 = Debug|Any CPU
		{71DB24D2-A6F2-456B-96D6-5B4AE97ABCD8}.Debug|x86.ActiveCfg = Debug|Any CPU
		{71DB24D2-A6F2-456B-96D6-5B4AE97ABCD8}.Debug|x86.Build.0 = Debug|Any CPU
		{71DB24D2-A6F2-456B-96D6-5B4AE97ABCD8}.Release|Any CPU.ActiveCfg = Release|Any CPU
		{71DB24D2-A6F2-456B-96D6-5B4AE97ABCD8}.Release|Any CPU.Build.0 = Release|Any CPU
		{71DB24D2-A6F2-456B-96D6-5B4AE97ABCD8}.Release|x64.ActiveCfg = Release|Any CPU
		{71DB24D2-A6F2-456B-96D6-5B4AE97ABCD8}.Release|x64.Build.0 = Release|Any CPU
		{71DB24D2-A6F2-456B-96D6-5B4AE97ABCD8}.Release|x86.ActiveCfg = Release|Any CPU
		{71DB24D2-A6F2-456B-96D6-5B4AE97ABCD8}.Release|x86.Build.0 = Release|Any CPU
		{70F5D2BB-FAE7-4D66-9645-D1557A521CFA}.Debug|Any CPU.ActiveCfg = Debug|Any CPU
		{70F5D2BB-FAE7-4D66-9645-D1557A521CFA}.Debug|Any CPU.Build.0 = Debug|Any CPU
		{70F5D2BB-FAE7-4D66-9645-D1557A521CFA}.Debug|x64.ActiveCfg = Debug|Any CPU
		{70F5D2BB-FAE7-4D66-9645-D1557A521CFA}.Debug|x64.Build.0 = Debug|Any CPU
		{70F5D2BB-FAE7-4D66-9645-D1557A521CFA}.Debug|x86.ActiveCfg = Debug|Any CPU
		{70F5D2BB-FAE7-4D66-9645-D1557A521CFA}.Debug|x86.Build.0 = Debug|Any CPU
		{70F5D2BB-FAE7-4D66-9645-D1557A521CFA}.Release|Any CPU.ActiveCfg = Release|Any CPU
		{70F5D2BB-FAE7-4D66-9645-D1557A521CFA}.Release|Any CPU.Build.0 = Release|Any CPU
		{70F5D2BB-FAE7-4D66-9645-D1557A521CFA}.Release|x64.ActiveCfg = Release|Any CPU
		{70F5D2BB-FAE7-4D66-9645-D1557A521CFA}.Release|x64.Build.0 = Release|Any CPU
		{70F5D2BB-FAE7-4D66-9645-D1557A521CFA}.Release|x86.ActiveCfg = Release|Any CPU
		{70F5D2BB-FAE7-4D66-9645-D1557A521CFA}.Release|x86.Build.0 = Release|Any CPU
	EndGlobalSection
	GlobalSection(SolutionProperties) = preSolution
		HideSolutionNode = FALSE
	EndGlobalSection
	GlobalSection(NestedProjects) = preSolution
		{644DDADC-A247-4B33-9816-E79B69EA88BC} = {827E0CD3-B72D-47B6-A68D-7590B98EB39B}
		{AA839F67-9BC1-4C0D-A2CE-7D906CEB0FAC} = {827E0CD3-B72D-47B6-A68D-7590B98EB39B}
		{515CF695-0F7B-4F5C-9336-B255C776F2B3} = {827E0CD3-B72D-47B6-A68D-7590B98EB39B}
		{035C7BAF-1E8D-4FE5-8678-4F9CC47530B5} = {827E0CD3-B72D-47B6-A68D-7590B98EB39B}
		{3C031787-5E27-4AE3-A7CD-71E03559FF0F} = {827E0CD3-B72D-47B6-A68D-7590B98EB39B}
		{71DB24D2-A6F2-456B-96D6-5B4AE97ABCD8} = {827E0CD3-B72D-47B6-A68D-7590B98EB39B}
		{70F5D2BB-FAE7-4D66-9645-D1557A521CFA} = {827E0CD3-B72D-47B6-A68D-7590B98EB39B}
	EndGlobalSection
EndGlobal
